
Microsoft Visual Studio Solution File, Format Version 12.00
# Visual Studio Version 16
VisualStudioVersion = 16.0.29215.179
MinimumVisualStudioVersion = 10.0.40219.1
Project("{8BC9CEB8-8B4A-11D0-8D11-00A0C91BC942}") = "Uppgift1", "Uppgift1\Uppgift1.vcxproj", "{605E3D3C-E89E-4E32-9333-C0FDC75A0106}"
EndProject
Project("{8BC9CEB8-8B4A-11D0-8D11-00A0C91BC942}") = "Uppgift2", "Uppgift2\Uppgift2.vcxproj", "{23F443D3-4BF5-4DE8-9B72-84AD99D37E99}"
EndProject
Project("{8BC9CEB8-8B4A-11D0-8D11-00A0C91BC942}") = "Uppgift3", "Uppgift3\Uppgift3.vcxproj", "{1533848E-7FB6-4FAB-9FD6-59570E38747B}"
EndProject
Global
	GlobalSection(SolutionConfigurationPlatforms) = preSolution
		Debug|x64 = Debug|x64
		Debug|x86 = Debug|x86
		Release|x64 = Release|x64
		Release|x86 = Release|x86
	EndGlobalSection
	GlobalSection(ProjectConfigurationPlatforms) = postSolution
		{605E3D3C-E89E-4E32-9333-C0FDC75A0106}.Debug|x64.ActiveCfg = Debug|x64
		{605E3D3C-E89E-4E32-9333-C0FDC75A0106}.Debug|x64.Build.0 = Debug|x64
		{605E3D3C-E89E-4E32-9333-C0FDC75A0106}.Debug|x86.ActiveCfg = Debug|Win32
		{605E3D3C-E89E-4E32-9333-C0FDC75A0106}.Debug|x86.Build.0 = Debug|Win32
		{605E3D3C-E89E-4E32-9333-C0FDC75A0106}.Release|x64.ActiveCfg = Release|x64
		{605E3D3C-E89E-4E32-9333-C0FDC75A0106}.Release|x64.Build.0 = Release|x64
		{605E3D3C-E89E-4E32-9333-C0FDC75A0106}.Release|x86.ActiveCfg = Release|Win32
		{605E3D3C-E89E-4E32-9333-C0FDC75A0106}.Release|x86.Build.0 = Release|Win32
		{23F443D3-4BF5-4DE8-9B72-84AD99D37E99}.Debug|x64.ActiveCfg = Debug|x64
		{23F443D3-4BF5-4DE8-9B72-84AD99D37E99}.Debug|x64.Build.0 = Debug|x64
		{23F443D3-4BF5-4DE8-9B72-84AD99D37E99}.Debug|x86.ActiveCfg = Debug|Win32
		{23F443D3-4BF5-4DE8-9B72-84AD99D37E99}.Debug|x86.Build.0 = Debug|Win32
		{23F443D3-4BF5-4DE8-9B72-84AD99D37E99}.Release|x64.ActiveCfg = Release|x64
		{23F443D3-4BF5-4DE8-9B72-84AD99D37E99}.Release|x64.Build.0 = Release|x64
		{23F443D3-4BF5-4DE8-9B72-84AD99D37E99}.Release|x86.ActiveCfg = Release|Win32
		{23F443D3-4BF5-4DE8-9B72-84AD99D37E99}.Release|x86.Build.0 = Release|Win32
		{1533848E-7FB6-4FAB-9FD6-59570E38747B}.Debug|x64.ActiveCfg = Debug|x64
		{1533848E-7FB6-4FAB-9FD6-59570E38747B}.Debug|x64.Build.0 = Debug|x64
		{1533848E-7FB6-4FAB-9FD6-59570E38747B}.Debug|x86.ActiveCfg = Debug|Win32
		{1533848E-7FB6-4FAB-9FD6-59570E38747B}.Debug|x86.Build.0 = Debug|Win32
		{1533848E-7FB6-4FAB-9FD6-59570E38747B}.Release|x64.ActiveCfg = Release|x64
		{1533848E-7FB6-4FAB-9FD6-59570E38747B}.Release|x64.Build.0 = Release|x64
		{1533848E-7FB6-4FAB-9FD6-59570E38747B}.Release|x86.ActiveCfg = Release|Win32
		{1533848E-7FB6-4FAB-9FD6-59570E38747B}.Release|x86.Build.0 = Release|Win32
	EndGlobalSection
	GlobalSection(SolutionProperties) = preSolution
		HideSolutionNode = FALSE
	EndGlobalSection
	GlobalSection(ExtensibilityGlobals) = postSolution
		SolutionGuid = {BA650D34-9308-44B3-83D3-6C9E4076F61C}
	EndGlobalSection
EndGlobal
